
Microsoft Visual Studio Solution File, Format Version 12.00
# Visual Studio Version 17
VisualStudioVersion = 17.7.34202.233
MinimumVisualStudioVersion = 10.0.40219.1
Project("{9A19103F-16F7-4668-BE54-9A1E7A4F7556}") = "LangLibrary", "LangLibrary.csproj", "{884A7CA7-31FA-41F8-B5BD-FC13BB3D5387}"
EndProject
Project("{9A19103F-16F7-4668-BE54-9A1E7A4F7556}") = "teter", "..\teter\teter.csproj", "{C13D83FB-BC4A-4416-9AB9-FA0D1EB79122}"
EndProject
Project("{FAE04EC0-301F-11D3-BF4B-00C04F79EFBC}") = "MyBabilon.MbdfReader", "..\MyBabilon.MbdfReader\MyBabilon.MbdfReader.csproj", "{7A4C0487-C5EF-4517-BCA0-17D436A6433D}"
EndProject
Global
	GlobalSection(SolutionConfigurationPlatforms) = preSolution
		Debug|Any CPU = Debug|Any CPU
		Release|Any CPU = Release|Any CPU
	EndGlobalSection
	GlobalSection(ProjectConfigurationPlatforms) = postSolution
		{884A7CA7-31FA-41F8-B5BD-FC13BB3D5387}.Debug|Any CPU.ActiveCfg = Debug|Any CPU
		{884A7CA7-31FA-41F8-B5BD-FC13BB3D5387}.Debug|Any CPU.Build.0 = Debug|Any CPU
		{884A7CA7-31FA-41F8-B5BD-FC13BB3D5387}.Release|Any CPU.ActiveCfg = Release|Any CPU
		{884A7CA7-31FA-41F8-B5BD-FC13BB3D5387}.Release|Any CPU.Build.0 = Release|Any CPU
		{C13D83FB-BC4A-4416-9AB9-FA0D1EB79122}.Debug|Any CPU.ActiveCfg = Debug|Any CPU
		{C13D83FB-BC4A-4416-9AB9-FA0D1EB79122}.Debug|Any CPU.Build.0 = Debug|Any CPU
		{C13D83FB-BC4A-4416-9AB9-FA0D1EB79122}.Release|Any CPU.ActiveCfg = Release|Any CPU
		{C13D83FB-BC4A-4416-9AB9-FA0D1EB79122}.Release|Any CPU.Build.0 = Release|Any CPU
		{7A4C0487-C5EF-4517-BCA0-17D436A6433D}.Debug|Any CPU.ActiveCfg = Debug|Any CPU
		{7A4C0487-C5EF-4517-BCA0-17D436A6433D}.Debug|Any CPU.Build.0 = Debug|Any CPU
		{7A4C0487-C5EF-4517-BCA0-17D436A6433D}.Release|Any CPU.ActiveCfg = Release|Any CPU
		{7A4C0487-C5EF-4517-BCA0-17D436A6433D}.Release|Any CPU.Build.0 = Release|Any CPU
	EndGlobalSection
	GlobalSection(SolutionProperties) = preSolution
		HideSolutionNode = FALSE
	EndGlobalSection
	GlobalSection(ExtensibilityGlobals) = postSolution
		SolutionGuid = {A1E54034-9688-47CB-8A27-69F37C0A52D7}
	EndGlobalSection
EndGlobal
